
Microsoft Visual Studio Solution File, Format Version 12.00
# Visual Studio 2012
Project("{8BC9CEB8-8B4A-11D0-8D11-00A0C91BC942}") = "astar", "astar\astar.vcxproj", "{D59171A6-A85E-49D4-8246-0529CC55185E}"
EndProject
Global
	GlobalSection(SolutionConfigurationPlatforms) = preSolution
		Debug|Win32 = Debug|Win32
		Release|Win32 = Release|Win32
	EndGlobalSection
	GlobalSection(ProjectConfigurationPlatforms) = postSolution
		{D59171A6-A85E-49D4-8246-0529CC55185E}.Debug|Win32.ActiveCfg = Debug|Win32
		{D59171A6-A85E-49D4-8246-0529CC55185E}.Debug|Win32.Build.0 = Debug|Win32
		{D59171A6-A85E-49D4-8246-0529CC55185E}.Release|Win32.ActiveCfg = Release|Win32
		{D59171A6-A85E-49D4-8246-0529CC55185E}.Release|Win32.Build.0 = Release|Win32
	EndGlobalSection
	GlobalSection(SolutionProperties) = preSolution
		HideSolutionNode = FALSE
	EndGlobalSection
	GlobalSection(Performance) = preSolution
		HasPerformanceSessions = true
	EndGlobalSection
EndGlobal
